
Microsoft Visual Studio Solution File, Format Version 12.00
# Visual Studio Version 17
VisualStudioVersion = 17.14.36408.4
MinimumVisualStudioVersion = 10.0.40219.1
Project("{888888A0-9F3D-457C-B088-3A5042F75D52}") = "StarSimX", "..\..\..\Downloads\StarSimX\StarSimX.pyproj", "{4CFBA068-CC1B-4380-84F7-B0547EF660AF}"
EndProject
Global
	GlobalSection(SolutionConfigurationPlatforms) = preSolution
		Debug|Any CPU = Debug|Any CPU
		Release|Any CPU = Release|Any CPU
	EndGlobalSection
	GlobalSection(ProjectConfigurationPlatforms) = postSolution
		{4CFBA068-CC1B-4380-84F7-B0547EF660AF}.Debug|Any CPU.ActiveCfg = Debug|Any CPU
		{4CFBA068-CC1B-4380-84F7-B0547EF660AF}.Release|Any CPU.ActiveCfg = Release|Any CPU
	EndGlobalSection
	GlobalSection(SolutionProperties) = preSolution
		HideSolutionNode = FALSE
	EndGlobalSection
	GlobalSection(ExtensibilityGlobals) = postSolution
		SolutionGuid = {4AF5262C-1BF5-4749-9D41-285D34896700}
	EndGlobalSection
EndGlobal
